
Microsoft Visual Studio Solution File, Format Version 12.00
# Visual Studio Version 16
VisualStudioVersion = 16.0.29709.97
MinimumVisualStudioVersion = 10.0.40219.1
Project("{FAE04EC0-301F-11D3-BF4B-00C04F79EFBC}") = "RandomTestDrive", "RandomTestDrive\RandomTestDrive.csproj", "{C2C18F43-9893-4C73-995E-4347BDA60C7F}"
EndProject
Global
	GlobalSection(SolutionConfigurationPlatforms) = preSolution
		Debug|Any CPU = Debug|Any CPU
		Release|Any CPU = Release|Any CPU
	EndGlobalSection
	GlobalSection(ProjectConfigurationPlatforms) = postSolution
		{C2C18F43-9893-4C73-995E-4347BDA60C7F}.Debug|Any CPU.ActiveCfg = Debug|Any CPU
		{C2C18F43-9893-4C73-995E-4347BDA60C7F}.Debug|Any CPU.Build.0 = Debug|Any CPU
		{C2C18F43-9893-4C73-995E-4347BDA60C7F}.Release|Any CPU.ActiveCfg = Release|Any CPU
		{C2C18F43-9893-4C73-995E-4347BDA60C7F}.Release|Any CPU.Build.0 = Release|Any CPU
	EndGlobalSection
	GlobalSection(SolutionProperties) = preSolution
		HideSolutionNode = FALSE
	EndGlobalSection
	GlobalSection(ExtensibilityGlobals) = postSolution
		SolutionGuid = {F52D3E5F-B538-4FCD-8AA4-63BC54DEEEAF}
	EndGlobalSection
EndGlobal
